
Microsoft Visual Studio Solution File, Format Version 12.00
# Visual Studio Version 17
VisualStudioVersion = 17.1.32421.90
MinimumVisualStudioVersion = 10.0.40219.1
Project("{9A19103F-16F7-4668-BE54-9A1E7A4F7556}") = "JeremyAnsel.Xwa.Imc", "JeremyAnsel.Xwa.Imc\JeremyAnsel.Xwa.Imc.csproj", "{4AC40388-D68C-49C7-ACDA-AEDD8D69885E}"
EndProject
Project("{9A19103F-16F7-4668-BE54-9A1E7A4F7556}") = "Documentation", "Documentation\Documentation.csproj", "{367F6038-7880-4054-82FF-F5E3A9455DBC}"
EndProject
Global
	GlobalSection(SolutionConfigurationPlatforms) = preSolution
		Debug|Any CPU = Debug|Any CPU
		Release|Any CPU = Release|Any CPU
	EndGlobalSection
	GlobalSection(ProjectConfigurationPlatforms) = postSolution
		{4AC40388-D68C-49C7-ACDA-AEDD8D69885E}.Debug|Any CPU.ActiveCfg = Debug|Any CPU
		{4AC40388-D68C-49C7-ACDA-AEDD8D69885E}.Debug|Any CPU.Build.0 = Debug|Any CPU
		{4AC40388-D68C-49C7-ACDA-AEDD8D69885E}.Release|Any CPU.ActiveCfg = Release|Any CPU
		{4AC40388-D68C-49C7-ACDA-AEDD8D69885E}.Release|Any CPU.Build.0 = Release|Any CPU
		{367F6038-7880-4054-82FF-F5E3A9455DBC}.Debug|Any CPU.ActiveCfg = Debug|Any CPU
		{367F6038-7880-4054-82FF-F5E3A9455DBC}.Release|Any CPU.ActiveCfg = Release|Any CPU
		{367F6038-7880-4054-82FF-F5E3A9455DBC}.Release|Any CPU.Build.0 = Release|Any CPU
	EndGlobalSection
	GlobalSection(SolutionProperties) = preSolution
		HideSolutionNode = FALSE
	EndGlobalSection
	GlobalSection(ExtensibilityGlobals) = postSolution
		SolutionGuid = {5E5C4DEF-9777-47C6-86CA-F9769FFFFEA6}
	EndGlobalSection
EndGlobal
